
Microsoft Visual Studio Solution File, Format Version 12.00
# Visual Studio Version 17
VisualStudioVersion = 17.1.32328.378
MinimumVisualStudioVersion = 10.0.40219.1
Project("{FAE04EC0-301F-11D3-BF4B-00C04F79EFBC}") = "filestream assignment", "doagain_class\filestream assignment.csproj", "{A456BD55-F072-4F94-88E2-798AFB9AA07C}"
EndProject
Global
	GlobalSection(SolutionConfigurationPlatforms) = preSolution
		Debug|Any CPU = Debug|Any CPU
		Release|Any CPU = Release|Any CPU
	EndGlobalSection
	GlobalSection(ProjectConfigurationPlatforms) = postSolution
		{A456BD55-F072-4F94-88E2-798AFB9AA07C}.Debug|Any CPU.ActiveCfg = Debug|Any CPU
		{A456BD55-F072-4F94-88E2-798AFB9AA07C}.Debug|Any CPU.Build.0 = Debug|Any CPU
		{A456BD55-F072-4F94-88E2-798AFB9AA07C}.Release|Any CPU.ActiveCfg = Release|Any CPU
		{A456BD55-F072-4F94-88E2-798AFB9AA07C}.Release|Any CPU.Build.0 = Release|Any CPU
	EndGlobalSection
	GlobalSection(SolutionProperties) = preSolution
		HideSolutionNode = FALSE
	EndGlobalSection
	GlobalSection(ExtensibilityGlobals) = postSolution
		SolutionGuid = {F2B67DEE-EE6E-4B01-84B1-94079FBFB1FC}
	EndGlobalSection
EndGlobal
